
Microsoft Visual Studio Solution File, Format Version 12.00
# Visual Studio Version 17
VisualStudioVersion = 17.10.34928.147
MinimumVisualStudioVersion = 10.0.40219.1
Project("{9A19103F-16F7-4668-BE54-9A1E7A4F7556}") = "MariaShop.Api", "FirstMariaShopMk1\MariaShop.Api.csproj", "{F5B41BE2-1FE4-4A56-9305-7F79B518531C}"
EndProject
Global
	GlobalSection(SolutionConfigurationPlatforms) = preSolution
		Debug|Any CPU = Debug|Any CPU
		Release|Any CPU = Release|Any CPU
	EndGlobalSection
	GlobalSection(ProjectConfigurationPlatforms) = postSolution
		{F5B41BE2-1FE4-4A56-9305-7F79B518531C}.Debug|Any CPU.ActiveCfg = Debug|Any CPU
		{F5B41BE2-1FE4-4A56-9305-7F79B518531C}.Debug|Any CPU.Build.0 = Debug|Any CPU
		{F5B41BE2-1FE4-4A56-9305-7F79B518531C}.Release|Any CPU.ActiveCfg = Release|Any CPU
		{F5B41BE2-1FE4-4A56-9305-7F79B518531C}.Release|Any CPU.Build.0 = Release|Any CPU
	EndGlobalSection
	GlobalSection(SolutionProperties) = preSolution
		HideSolutionNode = FALSE
	EndGlobalSection
	GlobalSection(ExtensibilityGlobals) = postSolution
		SolutionGuid = {473CD300-8498-4E0F-AE76-3D29EB39EE29}
	EndGlobalSection
EndGlobal
